
Microsoft Visual Studio Solution File, Format Version 12.00
# Visual Studio Version 17
VisualStudioVersion = 17.0.31611.283
MinimumVisualStudioVersion = 10.0.40219.1
Project("{9A19103F-16F7-4668-BE54-9A1E7A4F7556}") = "ShinyApp", "ProjectTemplates\ShinyApp\ShinyApp.csproj", "{83CD83F7-515D-4F51-BDF1-E04C2DA3BE3A}"
EndProject
Project("{FAE04EC0-301F-11D3-BF4B-00C04F79EFBC}") = "ProjectTemplate1", "ProjectTemplate1\ProjectTemplate1.csproj", "{6ED887D6-8AFA-4330-B193-3E6F477D8132}"
EndProject
Project("{FAE04EC0-301F-11D3-BF4B-00C04F79EFBC}") = "ShinyTemplateWizard", "ShinyTemplateWizard\ShinyTemplateWizard.csproj", "{49535D2B-31FE-4BC9-95C4-567A085F581E}"
EndProject
Global
	GlobalSection(SolutionConfigurationPlatforms) = preSolution
		Debug|Any CPU = Debug|Any CPU
		Debug|x86 = Debug|x86
		Release|Any CPU = Release|Any CPU
		Release|x86 = Release|x86
	EndGlobalSection
	GlobalSection(ProjectConfigurationPlatforms) = postSolution
		{83CD83F7-515D-4F51-BDF1-E04C2DA3BE3A}.Debug|Any CPU.ActiveCfg = Debug|Any CPU
		{83CD83F7-515D-4F51-BDF1-E04C2DA3BE3A}.Debug|Any CPU.Build.0 = Debug|Any CPU
		{83CD83F7-515D-4F51-BDF1-E04C2DA3BE3A}.Debug|Any CPU.Deploy.0 = Debug|Any CPU
		{83CD83F7-515D-4F51-BDF1-E04C2DA3BE3A}.Debug|x86.ActiveCfg = Debug|Any CPU
		{83CD83F7-515D-4F51-BDF1-E04C2DA3BE3A}.Debug|x86.Build.0 = Debug|Any CPU
		{83CD83F7-515D-4F51-BDF1-E04C2DA3BE3A}.Debug|x86.Deploy.0 = Debug|Any CPU
		{83CD83F7-515D-4F51-BDF1-E04C2DA3BE3A}.Release|Any CPU.ActiveCfg = Release|Any CPU
		{83CD83F7-515D-4F51-BDF1-E04C2DA3BE3A}.Release|Any CPU.Build.0 = Release|Any CPU
		{83CD83F7-515D-4F51-BDF1-E04C2DA3BE3A}.Release|Any CPU.Deploy.0 = Release|Any CPU
		{83CD83F7-515D-4F51-BDF1-E04C2DA3BE3A}.Release|x86.ActiveCfg = Release|Any CPU
		{83CD83F7-515D-4F51-BDF1-E04C2DA3BE3A}.Release|x86.Build.0 = Release|Any CPU
		{83CD83F7-515D-4F51-BDF1-E04C2DA3BE3A}.Release|x86.Deploy.0 = Release|Any CPU
		{6ED887D6-8AFA-4330-B193-3E6F477D8132}.Debug|Any CPU.ActiveCfg = Debug|Any CPU
		{6ED887D6-8AFA-4330-B193-3E6F477D8132}.Debug|Any CPU.Build.0 = Debug|Any CPU
		{6ED887D6-8AFA-4330-B193-3E6F477D8132}.Debug|x86.ActiveCfg = Debug|x86
		{6ED887D6-8AFA-4330-B193-3E6F477D8132}.Debug|x86.Build.0 = Debug|x86
		{6ED887D6-8AFA-4330-B193-3E6F477D8132}.Release|Any CPU.ActiveCfg = Release|Any CPU
		{6ED887D6-8AFA-4330-B193-3E6F477D8132}.Release|Any CPU.Build.0 = Release|Any CPU
		{6ED887D6-8AFA-4330-B193-3E6F477D8132}.Release|x86.ActiveCfg = Release|x86
		{6ED887D6-8AFA-4330-B193-3E6F477D8132}.Release|x86.Build.0 = Release|x86
		{49535D2B-31FE-4BC9-95C4-567A085F581E}.Debug|Any CPU.ActiveCfg = Debug|Any CPU
		{49535D2B-31FE-4BC9-95C4-567A085F581E}.Debug|Any CPU.Build.0 = Debug|Any CPU
		{49535D2B-31FE-4BC9-95C4-567A085F581E}.Debug|x86.ActiveCfg = Debug|x86
		{49535D2B-31FE-4BC9-95C4-567A085F581E}.Debug|x86.Build.0 = Debug|x86
		{49535D2B-31FE-4BC9-95C4-567A085F581E}.Release|Any CPU.ActiveCfg = Release|Any CPU
		{49535D2B-31FE-4BC9-95C4-567A085F581E}.Release|Any CPU.Build.0 = Release|Any CPU
		{49535D2B-31FE-4BC9-95C4-567A085F581E}.Release|x86.ActiveCfg = Release|x86
		{49535D2B-31FE-4BC9-95C4-567A085F581E}.Release|x86.Build.0 = Release|x86
	EndGlobalSection
	GlobalSection(SolutionProperties) = preSolution
		HideSolutionNode = FALSE
	EndGlobalSection
	GlobalSection(ExtensibilityGlobals) = postSolution
		SolutionGuid = {61F7FB11-1E47-470C-91E2-47F8143E1572}
	EndGlobalSection
EndGlobal
